
Microsoft Visual Studio Solution File, Format Version 12.00
# Visual Studio 2013
VisualStudioVersion = 12.0.31101.0
MinimumVisualStudioVersion = 10.0.40219.1
Project("{FAE04EC0-301F-11D3-BF4B-00C04F79EFBC}") = "DBConnection", "DBConnection\DBConnection.csproj", "{011714DE-EEC8-4485-AE14-E325CCFEF3EC}"
EndProject
Project("{FAE04EC0-301F-11D3-BF4B-00C04F79EFBC}") = "cmdCapsDBClassTools", "cmdCapsDBClassTools\cmdCapsDBClassTools.csproj", "{09B3EEEA-5F74-46F9-BC9D-06230F221FC3}"
EndProject
Project("{FAE04EC0-301F-11D3-BF4B-00C04F79EFBC}") = "CapsDBClassTools", "CapsDBClassTools\CapsDBClassTools.csproj", "{9E6CF7C1-2B38-407F-91E2-4FA0AA116EEA}"
EndProject
Global
	GlobalSection(SolutionConfigurationPlatforms) = preSolution
		Debug|Any CPU = Debug|Any CPU
		Release|Any CPU = Release|Any CPU
	EndGlobalSection
	GlobalSection(ProjectConfigurationPlatforms) = postSolution
		{011714DE-EEC8-4485-AE14-E325CCFEF3EC}.Debug|Any CPU.ActiveCfg = Debug|Any CPU
		{011714DE-EEC8-4485-AE14-E325CCFEF3EC}.Debug|Any CPU.Build.0 = Debug|Any CPU
		{011714DE-EEC8-4485-AE14-E325CCFEF3EC}.Release|Any CPU.ActiveCfg = Release|Any CPU
		{011714DE-EEC8-4485-AE14-E325CCFEF3EC}.Release|Any CPU.Build.0 = Release|Any CPU
		{09B3EEEA-5F74-46F9-BC9D-06230F221FC3}.Debug|Any CPU.ActiveCfg = Debug|Any CPU
		{09B3EEEA-5F74-46F9-BC9D-06230F221FC3}.Debug|Any CPU.Build.0 = Debug|Any CPU
		{09B3EEEA-5F74-46F9-BC9D-06230F221FC3}.Release|Any CPU.ActiveCfg = Release|Any CPU
		{09B3EEEA-5F74-46F9-BC9D-06230F221FC3}.Release|Any CPU.Build.0 = Release|Any CPU
		{9E6CF7C1-2B38-407F-91E2-4FA0AA116EEA}.Debug|Any CPU.ActiveCfg = Debug|Any CPU
		{9E6CF7C1-2B38-407F-91E2-4FA0AA116EEA}.Debug|Any CPU.Build.0 = Debug|Any CPU
		{9E6CF7C1-2B38-407F-91E2-4FA0AA116EEA}.Release|Any CPU.ActiveCfg = Release|Any CPU
		{9E6CF7C1-2B38-407F-91E2-4FA0AA116EEA}.Release|Any CPU.Build.0 = Release|Any CPU
	EndGlobalSection
	GlobalSection(SolutionProperties) = preSolution
		HideSolutionNode = FALSE
	EndGlobalSection
EndGlobal
